
Microsoft Visual Studio Solution File, Format Version 12.00
# Visual Studio Version 16
VisualStudioVersion = 16.0.31129.286
MinimumVisualStudioVersion = 10.0.40219.1
Project("{FAE04EC0-301F-11D3-BF4B-00C04F79EFBC}") = "DataNoidAPI", "DataNoidAPI.csproj", "{B72B87B0-2EE1-45B1-A9C9-81A594133B7F}"
EndProject
Global
	GlobalSection(SolutionConfigurationPlatforms) = preSolution
		Debug|Any CPU = Debug|Any CPU
		Release|Any CPU = Release|Any CPU
	EndGlobalSection
	GlobalSection(ProjectConfigurationPlatforms) = postSolution
		{B72B87B0-2EE1-45B1-A9C9-81A594133B7F}.Debug|Any CPU.ActiveCfg = Debug|Any CPU
		{B72B87B0-2EE1-45B1-A9C9-81A594133B7F}.Debug|Any CPU.Build.0 = Debug|Any CPU
		{B72B87B0-2EE1-45B1-A9C9-81A594133B7F}.Release|Any CPU.ActiveCfg = Release|Any CPU
		{B72B87B0-2EE1-45B1-A9C9-81A594133B7F}.Release|Any CPU.Build.0 = Release|Any CPU
	EndGlobalSection
	GlobalSection(SolutionProperties) = preSolution
		HideSolutionNode = FALSE
	EndGlobalSection
	GlobalSection(ExtensibilityGlobals) = postSolution
		SolutionGuid = {2C0A7786-1C96-4240-8BF9-D51E4068C41C}
	EndGlobalSection
EndGlobal
